
Microsoft Visual Studio Solution File, Format Version 12.00
# Visual Studio Version 17
VisualStudioVersion = 17.3.32929.385
MinimumVisualStudioVersion = 10.0.40219.1
Project("{FAE04EC0-301F-11D3-BF4B-00C04F79EFBC}") = "modul_1_pmi25", "modul_1_pmi25.csproj", "{D8562FDD-7C80-4518-8F15-799BE903101C}"
EndProject
Global
	GlobalSection(SolutionConfigurationPlatforms) = preSolution
		Debug|Any CPU = Debug|Any CPU
		Release|Any CPU = Release|Any CPU
	EndGlobalSection
	GlobalSection(ProjectConfigurationPlatforms) = postSolution
		{D8562FDD-7C80-4518-8F15-799BE903101C}.Debug|Any CPU.ActiveCfg = Debug|Any CPU
		{D8562FDD-7C80-4518-8F15-799BE903101C}.Debug|Any CPU.Build.0 = Debug|Any CPU
		{D8562FDD-7C80-4518-8F15-799BE903101C}.Release|Any CPU.ActiveCfg = Release|Any CPU
		{D8562FDD-7C80-4518-8F15-799BE903101C}.Release|Any CPU.Build.0 = Release|Any CPU
	EndGlobalSection
	GlobalSection(SolutionProperties) = preSolution
		HideSolutionNode = FALSE
	EndGlobalSection
	GlobalSection(ExtensibilityGlobals) = postSolution
		SolutionGuid = {497BF414-0DD2-4CB4-8970-B98D5D6E6B28}
	EndGlobalSection
EndGlobal
